
Microsoft Visual Studio Solution File, Format Version 12.00
# Visual Studio Version 17
VisualStudioVersion = 17.8.34601.278
MinimumVisualStudioVersion = 10.0.40219.1
Project("{9A19103F-16F7-4668-BE54-9A1E7A4F7556}") = "MudblazorExample", "MudblazorExample.csproj", "{A015C3B6-3073-4437-AB8A-3209460BBDF2}"
EndProject
Global
	GlobalSection(SolutionConfigurationPlatforms) = preSolution
		Debug|Any CPU = Debug|Any CPU
		Release|Any CPU = Release|Any CPU
	EndGlobalSection
	GlobalSection(ProjectConfigurationPlatforms) = postSolution
		{A015C3B6-3073-4437-AB8A-3209460BBDF2}.Debug|Any CPU.ActiveCfg = Debug|Any CPU
		{A015C3B6-3073-4437-AB8A-3209460BBDF2}.Debug|Any CPU.Build.0 = Debug|Any CPU
		{A015C3B6-3073-4437-AB8A-3209460BBDF2}.Release|Any CPU.ActiveCfg = Release|Any CPU
		{A015C3B6-3073-4437-AB8A-3209460BBDF2}.Release|Any CPU.Build.0 = Release|Any CPU
	EndGlobalSection
	GlobalSection(SolutionProperties) = preSolution
		HideSolutionNode = FALSE
	EndGlobalSection
	GlobalSection(ExtensibilityGlobals) = postSolution
		SolutionGuid = {F9E50D47-57BB-4874-B83F-16591D02FC58}
	EndGlobalSection
EndGlobal
